
Microsoft Visual Studio Solution File, Format Version 12.00
# Visual Studio Version 17
VisualStudioVersion = 17.3.32922.545
MinimumVisualStudioVersion = 10.0.40219.1
Project("{FAE04EC0-301F-11D3-BF4B-00C04F79EFBC}") = "ISD.Application", "ISD.Application.csproj", "{925C150B-FBD7-4C11-A61D-3B4D75D97F27}"
EndProject
Global
	GlobalSection(SolutionConfigurationPlatforms) = preSolution
		Debug|Any CPU = Debug|Any CPU
		Release|Any CPU = Release|Any CPU
	EndGlobalSection
	GlobalSection(ProjectConfigurationPlatforms) = postSolution
		{925C150B-FBD7-4C11-A61D-3B4D75D97F27}.Debug|Any CPU.ActiveCfg = Debug|Any CPU
		{925C150B-FBD7-4C11-A61D-3B4D75D97F27}.Debug|Any CPU.Build.0 = Debug|Any CPU
		{925C150B-FBD7-4C11-A61D-3B4D75D97F27}.Release|Any CPU.ActiveCfg = Release|Any CPU
		{925C150B-FBD7-4C11-A61D-3B4D75D97F27}.Release|Any CPU.Build.0 = Release|Any CPU
	EndGlobalSection
	GlobalSection(SolutionProperties) = preSolution
		HideSolutionNode = FALSE
	EndGlobalSection
	GlobalSection(ExtensibilityGlobals) = postSolution
		SolutionGuid = {58A82BB8-E87F-451F-9905-0A389A76E5B0}
	EndGlobalSection
EndGlobal
