
Microsoft Visual Studio Solution File, Format Version 12.00
# Visual Studio Version 17
VisualStudioVersion = 17.3.32922.545
MinimumVisualStudioVersion = 10.0.40219.1
Project("{FAE04EC0-301F-11D3-BF4B-00C04F79EFBC}") = "BFF.IdentityServer", "BFF.IdentityServer.csproj", "{6080F767-93B7-49F4-99DE-BB3A021F5BCC}"
EndProject
Global
	GlobalSection(SolutionConfigurationPlatforms) = preSolution
		Debug|Any CPU = Debug|Any CPU
		Release|Any CPU = Release|Any CPU
	EndGlobalSection
	GlobalSection(ProjectConfigurationPlatforms) = postSolution
		{6080F767-93B7-49F4-99DE-BB3A021F5BCC}.Debug|Any CPU.ActiveCfg = Debug|Any CPU
		{6080F767-93B7-49F4-99DE-BB3A021F5BCC}.Debug|Any CPU.Build.0 = Debug|Any CPU
		{6080F767-93B7-49F4-99DE-BB3A021F5BCC}.Release|Any CPU.ActiveCfg = Release|Any CPU
		{6080F767-93B7-49F4-99DE-BB3A021F5BCC}.Release|Any CPU.Build.0 = Release|Any CPU
	EndGlobalSection
	GlobalSection(SolutionProperties) = preSolution
		HideSolutionNode = FALSE
	EndGlobalSection
	GlobalSection(ExtensibilityGlobals) = postSolution
		SolutionGuid = {A2FB57FF-586C-4963-AE4D-242F8A36B0C3}
	EndGlobalSection
EndGlobal
